# THIS IS AN AUTOGENERATED FILE. DO NOT EDIT THIS FILE DIRECTLY.
# yarn lockfile v1


reblessed@^0.2.1:
  version "0.2.1"
  resolved "https://registry.yarnpkg.com/reblessed/-/reblessed-0.2.1.tgz#1ec08e7a6fd9bc0fc53581952db2c63e5c0b53fd"
  integrity sha512-L2/u0PpF18T8YKc5EiwnY8/+YNBR2DOtbb45H8AvgtxYzU64Xr7D1lI+rjZ8hNHHAK40n99lGmU3wvxat8L89Q==
